
Microsoft Visual Studio Solution File, Format Version 12.00
# Visual Studio Version 17
VisualStudioVersion = 17.4.33213.308
MinimumVisualStudioVersion = 10.0.40219.1
Project("{9A19103F-16F7-4668-BE54-9A1E7A4F7556}") = "FoundryBlazor", "FoundryBlazor.csproj", "{D39E9688-3F81-4EE3-B252-1CCCFF874B52}"
EndProject
Project("{9A19103F-16F7-4668-BE54-9A1E7A4F7556}") = "BlazorThreeJS", "..\BlazorThreeJS\BlazorThreeJS.csproj", "{EB56CA83-976C-4DEA-BC70-4D1F13B9692D}"
EndProject
Project("{9A19103F-16F7-4668-BE54-9A1E7A4F7556}") = "IoBTMessageLibrary", "..\IoBTMessageLibrary\IoBTMessageLibrary.csproj", "{5833B17E-6AD6-4ADF-9410-955CDDF9FA27}"
EndProject
Global
	GlobalSection(SolutionConfigurationPlatforms) = preSolution
		Debug|Any CPU = Debug|Any CPU
		Release|Any CPU = Release|Any CPU
	EndGlobalSection
	GlobalSection(ProjectConfigurationPlatforms) = postSolution
		{D39E9688-3F81-4EE3-B252-1CCCFF874B52}.Debug|Any CPU.ActiveCfg = Debug|Any CPU
		{D39E9688-3F81-4EE3-B252-1CCCFF874B52}.Debug|Any CPU.Build.0 = Debug|Any CPU
		{D39E9688-3F81-4EE3-B252-1CCCFF874B52}.Release|Any CPU.ActiveCfg = Release|Any CPU
		{D39E9688-3F81-4EE3-B252-1CCCFF874B52}.Release|Any CPU.Build.0 = Release|Any CPU
		{EB56CA83-976C-4DEA-BC70-4D1F13B9692D}.Debug|Any CPU.ActiveCfg = Debug|Any CPU
		{EB56CA83-976C-4DEA-BC70-4D1F13B9692D}.Debug|Any CPU.Build.0 = Debug|Any CPU
		{EB56CA83-976C-4DEA-BC70-4D1F13B9692D}.Release|Any CPU.ActiveCfg = Release|Any CPU
		{EB56CA83-976C-4DEA-BC70-4D1F13B9692D}.Release|Any CPU.Build.0 = Release|Any CPU
		{5833B17E-6AD6-4ADF-9410-955CDDF9FA27}.Debug|Any CPU.ActiveCfg = Debug|Any CPU
		{5833B17E-6AD6-4ADF-9410-955CDDF9FA27}.Debug|Any CPU.Build.0 = Debug|Any CPU
		{5833B17E-6AD6-4ADF-9410-955CDDF9FA27}.Release|Any CPU.ActiveCfg = Release|Any CPU
		{5833B17E-6AD6-4ADF-9410-955CDDF9FA27}.Release|Any CPU.Build.0 = Release|Any CPU
	EndGlobalSection
	GlobalSection(SolutionProperties) = preSolution
		HideSolutionNode = FALSE
	EndGlobalSection
	GlobalSection(ExtensibilityGlobals) = postSolution
		SolutionGuid = {0F7BE7CF-8DF2-4369-B388-49423983B5B5}
	EndGlobalSection
EndGlobal
